// !$*UTF8*$!
{
	archiveVersion = 1;
	classes = {
	};
	objectVersion = 56;
	objects = {

/* Begin PBXBuildFile section */
		FA592BCA29E0B6CE007D8ADF /* AppDelegate.swift in Sources */ = {isa = PBXBuildFile; fileRef = FA592BC929E0B6CE007D8ADF /* AppDelegate.swift */; };
		FA592BCC29E0B6CE007D8ADF /* SceneDelegate.swift in Sources */ = {isa = PBXBuildFile; fileRef = FA592BCB29E0B6CE007D8ADF /* SceneDelegate.swift */; };
		FA592BCE29E0B6CE007D8ADF /* MainVC.swift in Sources */ = {isa = PBXBuildFile; fileRef = FA592BCD29E0B6CE007D8ADF /* MainVC.swift */; };
		FA592BD129E0B6CE007D8ADF /* Main.storyboard in Resources */ = {isa = PBXBuildFile; fileRef = FA592BCF29E0B6CE007D8ADF /* Main.storyboard */; };
		FA592BD329E0B6D0007D8ADF /* Assets.xcassets in Resources */ = {isa = PBXBuildFile; fileRef = FA592BD229E0B6D0007D8ADF /* Assets.xcassets */; };
		FA592BD629E0B6D0007D8ADF /* LaunchScreen.storyboard in Resources */ = {isa = PBXBuildFile; fileRef = FA592BD429E0B6D0007D8ADF /* LaunchScreen.storyboard */; };
		FA592BE629E0B9EF007D8ADF /* PersonCell.swift in Sources */ = {isa = PBXBuildFile; fileRef = FA592BE529E0B9EF007D8ADF /* PersonCell.swift */; };
/* End PBXBuildFile section */

/* Begin PBXFileReference section */
		FA592BC629E0B6CE007D8ADF /* PersonApp.app */ = {isa = PBXFileReference; explicitFileType = wrapper.application; includeInIndex = 0; path = PersonApp.app; sourceTree = BUILT_PRODUCTS_DIR; };
		FA592BC929E0B6CE007D8ADF /* AppDelegate.swift */ = {isa = PBXFileReference; lastKnownFileType = sourcecode.swift; path = AppDelegate.swift; sourceTree = "<group>"; };
		FA592BCB29E0B6CE007D8ADF /* SceneDelegate.swift */ = {isa = PBXFileReference; lastKnownFileType = sourcecode.swift; path = SceneDelegate.swift; sourceTree = "<group>"; };
		FA592BCD29E0B6CE007D8ADF /* MainVC.swift */ = {isa = PBXFileReference; lastKnownFileType = sourcecode.swift; path = MainVC.swift; sourceTree = "<group>"; };
		FA592BD029E0B6CE007D8ADF /* Base */ = {isa = PBXFileReference; lastKnownFileType = file.storyboard; name = Base; path = Base.lproj/Main.storyboard; sourceTree = "<group>"; };
		FA592BD229E0B6D0007D8ADF /* Assets.xcassets */ = {isa = PBXFileReference; lastKnownFileType = folder.assetcatalog; path = Assets.xcassets; sourceTree = "<group>"; };
		FA592BD529E0B6D0007D8ADF /* Base */ = {isa = PBXFileReference; lastKnownFileType = file.storyboard; name = Base; path = Base.lproj/LaunchScreen.storyboard; sourceTree = "<group>"; };
		FA592BD729E0B6D0007D8ADF /* Info.plist */ = {isa = PBXFileReference; lastKnownFileType = text.plist.xml; path = Info.plist; sourceTree = "<group>"; };
		FA592BE529E0B9EF007D8ADF /* PersonCell.swift */ = {isa = PBXFileReference; lastKnownFileType = sourcecode.swift; path = PersonCell.swift; sourceTree = "<group>"; };
/* End PBXFileReference section */

/* Begin PBXFrameworksBuildPhase section */
		FA592BC329E0B6CE007D8ADF /* Frameworks */ = {
			isa = PBXFrameworksBuildPhase;
			buildActionMask = 2147483647;
			files = (
			);
			runOnlyForDeploymentPostprocessing = 0;
		};
/* End PBXFrameworksBuildPhase section */

/* Begin PBXGroup section */
		FA592BBD29E0B6CE007D8ADF = {
			isa = PBXGroup;
			children = (
				FA592BC829E0B6CE007D8ADF /* PersonApp */,
				FA592BC729E0B6CE007D8ADF /* Products */,
			);
			sourceTree = "<group>";
		};
		FA592BC729E0B6CE007D8ADF /* Products */ = {
			isa = PBXGroup;
			children = (
				FA592BC629E0B6CE007D8ADF /* PersonApp.app */,
			);
			name = Products;
			sourceTree = "<group>";
		};
		FA592BC829E0B6CE007D8ADF /* PersonApp */ = {
			isa = PBXGroup;
			children = (
				FA592BE229E0B8C2007D8ADF /* NetworkLayer */,
				FA592BE129E0B8B8007D8ADF /* Scene */,
				FA592BE029E0B8A3007D8ADF /* Core */,
				FA592BD729E0B6D0007D8ADF /* Info.plist */,
			);
			path = PersonApp;
			sourceTree = "<group>";
		};
		FA592BE029E0B8A3007D8ADF /* Core */ = {
			isa = PBXGroup;
			children = (
				FA592BCF29E0B6CE007D8ADF /* Main.storyboard */,
				FA592BCB29E0B6CE007D8ADF /* SceneDelegate.swift */,
				FA592BD229E0B6D0007D8ADF /* Assets.xcassets */,
				FA592BD429E0B6D0007D8ADF /* LaunchScreen.storyboard */,
				FA592BC929E0B6CE007D8ADF /* AppDelegate.swift */,
			);
			path = Core;
			sourceTree = "<group>";
		};
		FA592BE129E0B8B8007D8ADF /* Scene */ = {
			isa = PBXGroup;
			children = (
				FA592BE429E0B9CA007D8ADF /* PersonCell */,
				FA592BCD29E0B6CE007D8ADF /* MainVC.swift */,
			);
			path = Scene;
			sourceTree = "<group>";
		};
		FA592BE229E0B8C2007D8ADF /* NetworkLayer */ = {
			isa = PBXGroup;
			children = (
			);
			path = NetworkLayer;
			sourceTree = "<group>";
		};
		FA592BE429E0B9CA007D8ADF /* PersonCell */ = {
			isa = PBXGroup;
			children = (
				FA592BE529E0B9EF007D8ADF /* PersonCell.swift */,
			);
			path = PersonCell;
			sourceTree = "<group>";
		};
/* End PBXGroup section */

/* Begin PBXNativeTarget section */
		FA592BC529E0B6CE007D8ADF /* PersonApp */ = {
			isa = PBXNativeTarget;
			buildConfigurationList = FA592BDA29E0B6D0007D8ADF /* Build configuration list for PBXNativeTarget "PersonApp" */;
			buildPhases = (
				FA592BC229E0B6CE007D8ADF /* Sources */,
				FA592BC329E0B6CE007D8ADF /* Frameworks */,
				FA592BC429E0B6CE007D8ADF /* Resources */,
			);
			buildRules = (
			);
			dependencies = (
			);
			name = PersonApp;
			productName = PersonApp;
			productReference = FA592BC629E0B6CE007D8ADF /* PersonApp.app */;
			productType = "com.apple.product-type.application";
		};
/* End PBXNativeTarget section */

/* Begin PBXProject section */
		FA592BBE29E0B6CE007D8ADF /* Project object */ = {
			isa = PBXProject;
			attributes = {
				BuildIndependentTargetsInParallel = 1;
				LastSwiftUpdateCheck = 1430;
				LastUpgradeCheck = 1430;
				TargetAttributes = {
					FA592BC529E0B6CE007D8ADF = {
						CreatedOnToolsVersion = 14.3;
					};
				};
			};
			buildConfigurationList = FA592BC129E0B6CE007D8ADF /* Build configuration list for PBXProject "PersonApp" */;
			compatibilityVersion = "Xcode 14.0";
			developmentRegion = en;
			hasScannedForEncodings = 0;
			knownRegions = (
				en,
				Base,
			);
			mainGroup = FA592BBD29E0B6CE007D8ADF;
			productRefGroup = FA592BC729E0B6CE007D8ADF /* Products */;
			projectDirPath = "";
			projectRoot = "";
			targets = (
				FA592BC529E0B6CE007D8ADF /* PersonApp */,
			);
		};
/* End PBXProject section */

/* Begin PBXResourcesBuildPhase section */
		FA592BC429E0B6CE007D8ADF /* Resources */ = {
			isa = PBXResourcesBuildPhase;
			buildActionMask = 2147483647;
			files = (
				FA592BD629E0B6D0007D8ADF /* LaunchScreen.storyboard in Resources */,
				FA592BD329E0B6D0007D8ADF /* Assets.xcassets in Resources */,
				FA592BD129E0B6CE007D8ADF /* Main.storyboard in Resources */,
			);
			runOnlyForDeploymentPostprocessing = 0;
		};
/* End PBXResourcesBuildPhase section */

/* Begin PBXSourcesBuildPhase section */
		FA592BC229E0B6CE007D8ADF /* Sources */ = {
			isa = PBXSourcesBuildPhase;
			buildActionMask = 2147483647;
			files = (
				FA592BCE29E0B6CE007D8ADF /* MainVC.swift in Sources */,
				FA592BCA29E0B6CE007D8ADF /* AppDelegate.swift in Sources */,
				FA592BE629E0B9EF007D8ADF /* PersonCell.swift in Sources */,
				FA592BCC29E0B6CE007D8ADF /* SceneDelegate.swift in Sources */,
			);
			runOnlyForDeploymentPostprocessing = 0;
		};
/* End PBXSourcesBuildPhase section */

/* Begin PBXVariantGroup section */
		FA592BCF29E0B6CE007D8ADF /* Main.storyboard */ = {
			isa = PBXVariantGroup;
			children = (
				FA592BD029E0B6CE007D8ADF /* Base */,
			);
			name = Main.storyboard;
			sourceTree = "<group>";
		};
		FA592BD429E0B6D0007D8ADF /* LaunchScreen.storyboard */ = {
			isa = PBXVariantGroup;
			children = (
				FA592BD529E0B6D0007D8ADF /* Base */,
			);
			name = LaunchScreen.storyboard;
			sourceTree = "<group>";
		};
/* End PBXVariantGroup section */

/* Begin XCBuildConfiguration section */
		FA592BD829E0B6D0007D8ADF /* Debug */ = {
			isa = XCBuildConfiguration;
			buildSettings = {
				ALWAYS_SEARCH_USER_PATHS = NO;
				CLANG_ANALYZER_NONNULL = YES;
				CLANG_ANALYZER_NUMBER_OBJECT_CONVERSION = YES_AGGRESSIVE;
				CLANG_CXX_LANGUAGE_STANDARD = "gnu++20";
				CLANG_ENABLE_MODULES = YES;
				CLANG_ENABLE_OBJC_ARC = YES;
				CLANG_ENABLE_OBJC_WEAK = YES;
				CLANG_WARN_BLOCK_CAPTURE_AUTORELEASING = YES;
				CLANG_WARN_BOOL_CONVERSION = YES;
				CLANG_WARN_COMMA = YES;
				CLANG_WARN_CONSTANT_CONVERSION = YES;
				CLANG_WARN_DEPRECATED_OBJC_IMPLEMENTATIONS = YES;
				CLANG_WARN_DIRECT_OBJC_ISA_USAGE = YES_ERROR;
				CLANG_WARN_DOCUMENTATION_COMMENTS = YES;
				CLANG_WARN_EMPTY_BODY = YES;
				CLANG_WARN_ENUM_CONVERSION = YES;
				CLANG_WARN_INFINITE_RECURSION = YES;
				CLANG_WARN_INT_CONVERSION = YES;
				CLANG_WARN_NON_LITERAL_NULL_CONVERSION = YES;
				CLANG_WARN_OBJC_IMPLICIT_RETAIN_SELF = YES;
				CLANG_WARN_OBJC_LITERAL_CONVERSION = YES;
				CLANG_WARN_OBJC_ROOT_CLASS = YES_ERROR;
				CLANG_WARN_QUOTED_INCLUDE_IN_FRAMEWORK_HEADER = YES;
				CLANG_WARN_RANGE_LOOP_ANALYSIS = YES;
				CLANG_WARN_STRICT_PROTOTYPES = YES;
				CLANG_WARN_SUSPICIOUS_MOVE = YES;
				CLANG_WARN_UNGUARDED_AVAILABILITY = YES_AGGRESSIVE;
				CLANG_WARN_UNREACHABLE_CODE = YES;
				CLANG_WARN__DUPLICATE_METHOD_MATCH = YES;
				COPY_PHASE_STRIP = NO;
				DEBUG_INFORMATION_FORMAT = dwarf;
				ENABLE_STRICT_OBJC_MSGSEND = YES;
				ENABLE_TESTABILITY = YES;
				GCC_C_LANGUAGE_STANDARD = gnu11;
				GCC_DYNAMIC_NO_PIC = NO;
				GCC_NO_COMMON_BLOCKS = YES;
				GCC_OPTIMIZATION_LEVEL = 0;
				GCC_PREPROCESSOR_DEFINITIONS = (
					"DEBUG=1",
					"$(inherited)",
				);
				GCC_WARN_64_TO_32_BIT_CONVERSION = YES;
				GCC_WARN_ABOUT_RETURN_TYPE = YES_ERROR;
				GCC_WARN_UNDECLARED_SELECTOR = YES;
				GCC_WARN_UNINITIALIZED_AUTOS = YES_AGGRESSIVE;
				GCC_WARN_UNUSED_FUNCTION = YES;
				GCC_WARN_UNUSED_VARIABLE = YES;
				IPHONEOS_DEPLOYMENT_TARGET = 16.4;
				MTL_ENABLE_DEBUG_INFO = INCLUDE_SOURCE;
				MTL_FAST_MATH = YES;
				ONLY_ACTIVE_ARCH = YES;
				SDKROOT = iphoneos;
				SWIFT_ACTIVE_COMPILATION_CONDITIONS = DEBUG;
				SWIFT_OPTIMIZATION_LEVEL = "-Onone";
			};
			name = Debug;
		};
		FA592BD929E0B6D0007D8ADF /* Release */ = {
			isa = XCBuildConfiguration;
			buildSettings = {
				ALWAYS_SEARCH_USER_PATHS = NO;
				CLANG_ANALYZER_NONNULL = YES;
				CLANG_ANALYZER_NUMBER_OBJECT_CONVERSION = YES_AGGRESSIVE;
				CLANG_CXX_LANGUAGE_STANDARD = "gnu++20";
				CLANG_ENABLE_MODULES = YES;
				CLANG_ENABLE_OBJC_ARC = YES;
				CLANG_ENABLE_OBJC_WEAK = YES;
				CLANG_WARN_BLOCK_CAPTURE_AUTORELEASING = YES;
				CLANG_WARN_BOOL_CONVERSION = YES;
				CLANG_WARN_COMMA = YES;
				CLANG_WARN_CONSTANT_CONVERSION = YES;
				CLANG_WARN_DEPRECATED_OBJC_IMPLEMENTATIONS = YES;
				CLANG_WARN_DIRECT_OBJC_ISA_USAGE = YES_ERROR;
				CLANG_WARN_DOCUMENTATION_COMMENTS = YES;
				CLANG_WARN_EMPTY_BODY = YES;
				CLANG_WARN_ENUM_CONVERSION = YES;
				CLANG_WARN_INFINITE_RECURSION = YES;
				CLANG_WARN_INT_CONVERSION = YES;
				CLANG_WARN_NON_LITERAL_NULL_CONVERSION = YES;
				CLANG_WARN_OBJC_IMPLICIT_RETAIN_SELF = YES;
				CLANG_WARN_OBJC_LITERAL_CONVERSION = YES;
				CLANG_WARN_OBJC_ROOT_CLASS = YES_ERROR;
				CLANG_WARN_QUOTED_INCLUDE_IN_FRAMEWORK_HEADER = YES;
				CLANG_WARN_RANGE_LOOP_ANALYSIS = YES;
				CLANG_WARN_STRICT_PROTOTYPES = YES;
				CLANG_WARN_SUSPICIOUS_MOVE = YES;
				CLANG_WARN_UNGUARDED_AVAILABILITY = YES_AGGRESSIVE;
				CLANG_WARN_UNREACHABLE_CODE = YES;
				CLANG_WARN__DUPLICATE_METHOD_MATCH = YES;
				COPY_PHASE_STRIP = NO;
				DEBUG_INFORMATION_FORMAT = "dwarf-with-dsym";
				ENABLE_NS_ASSERTIONS = NO;
				ENABLE_STRICT_OBJC_MSGSEND = YES;
				GCC_C_LANGUAGE_STANDARD = gnu11;
				GCC_NO_COMMON_BLOCKS = YES;
				GCC_WARN_64_TO_32_BIT_CONVERSION = YES;
				GCC_WARN_ABOUT_RETURN_TYPE = YES_ERROR;
				GCC_WARN_UNDECLARED_SELECTOR = YES;
				GCC_WARN_UNINITIALIZED_AUTOS = YES_AGGRESSIVE;
				GCC_WARN_UNUSED_FUNCTION = YES;
				GCC_WARN_UNUSED_VARIABLE = YES;
				IPHONEOS_DEPLOYMENT_TARGET = 16.4;
				MTL_ENABLE_DEBUG_INFO = NO;
				MTL_FAST_MATH = YES;
				SDKROOT = iphoneos;
				SWIFT_COMPILATION_MODE = wholemodule;
				SWIFT_OPTIMIZATION_LEVEL = "-O";
				VALIDATE_PRODUCT = YES;
			};
			name = Release;
		};
		FA592BDB29E0B6D0007D8ADF /* Debug */ = {
			isa = XCBuildConfiguration;
			buildSettings = {
				ASSETCATALOG_COMPILER_APPICON_NAME = AppIcon;
				ASSETCATALOG_COMPILER_GLOBAL_ACCENT_COLOR_NAME = AccentColor;
				CODE_SIGN_STYLE = Automatic;
				CURRENT_PROJECT_VERSION = 1;
				GENERATE_INFOPLIST_FILE = YES;
				INFOPLIST_FILE = PersonApp/Info.plist;
				INFOPLIST_KEY_UIApplicationSupportsIndirectInputEvents = YES;
				INFOPLIST_KEY_UILaunchStoryboardName = LaunchScreen;
				INFOPLIST_KEY_UIMainStoryboardFile = Main;
				INFOPLIST_KEY_UISupportedInterfaceOrientations_iPad = "UIInterfaceOrientationPortrait UIInterfaceOrientationPortraitUpsideDown UIInterfaceOrientationLandscapeLeft UIInterfaceOrientationLandscapeRight";
				INFOPLIST_KEY_UISupportedInterfaceOrientations_iPhone = "UIInterfaceOrientationPortrait UIInterfaceOrientationLandscapeLeft UIInterfaceOrientationLandscapeRight";
				LD_RUNPATH_SEARCH_PATHS = (
					"$(inherited)",
					"@executable_path/Frameworks",
				);
				MARKETING_VERSION = 1.0;
				PRODUCT_BUNDLE_IDENTIFIER = PersonApp.PersonApp;
				PRODUCT_NAME = "$(TARGET_NAME)";
				SWIFT_EMIT_LOC_STRINGS = YES;
				SWIFT_VERSION = 5.0;
				TARGETED_DEVICE_FAMILY = "1,2";
			};
			name = Debug;
		};
		FA592BDC29E0B6D0007D8ADF /* Release */ = {
			isa = XCBuildConfiguration;
			buildSettings = {
				ASSETCATALOG_COMPILER_APPICON_NAME = AppIcon;
				ASSETCATALOG_COMPILER_GLOBAL_ACCENT_COLOR_NAME = AccentColor;
				CODE_SIGN_STYLE = Automatic;
				CURRENT_PROJECT_VERSION = 1;
				GENERATE_INFOPLIST_FILE = YES;
				INFOPLIST_FILE = PersonApp/Info.plist;
				INFOPLIST_KEY_UIApplicationSupportsIndirectInputEvents = YES;
				INFOPLIST_KEY_UILaunchStoryboardName = LaunchScreen;
				INFOPLIST_KEY_UIMainStoryboardFile = Main;
				INFOPLIST_KEY_UISupportedInterfaceOrientations_iPad = "UIInterfaceOrientationPortrait UIInterfaceOrientationPortraitUpsideDown UIInterfaceOrientationLandscapeLeft UIInterfaceOrientationLandscapeRight";
				INFOPLIST_KEY_UISupportedInterfaceOrientations_iPhone = "UIInterfaceOrientationPortrait UIInterfaceOrientationLandscapeLeft UIInterfaceOrientationLandscapeRight";
				LD_RUNPATH_SEARCH_PATHS = (
					"$(inherited)",
					"@executable_path/Frameworks",
				);
				MARKETING_VERSION = 1.0;
				PRODUCT_BUNDLE_IDENTIFIER = PersonApp.PersonApp;
				PRODUCT_NAME = "$(TARGET_NAME)";
				SWIFT_EMIT_LOC_STRINGS = YES;
				SWIFT_VERSION = 5.0;
				TARGETED_DEVICE_FAMILY = "1,2";
			};
			name = Release;
		};
/* End XCBuildConfiguration section */

/* Begin XCConfigurationList section */
		FA592BC129E0B6CE007D8ADF /* Build configuration list for PBXProject "PersonApp" */ = {
			isa = XCConfigurationList;
			buildConfigurations = (
				FA592BD829E0B6D0007D8ADF /* Debug */,
				FA592BD929E0B6D0007D8ADF /* Release */,
			);
			defaultConfigurationIsVisible = 0;
			defaultConfigurationName = Release;
		};
		FA592BDA29E0B6D0007D8ADF /* Build configuration list for PBXNativeTarget "PersonApp" */ = {
			isa = XCConfigurationList;
			buildConfigurations = (
				FA592BDB29E0B6D0007D8ADF /* Debug */,
				FA592BDC29E0B6D0007D8ADF /* Release */,
			);
			defaultConfigurationIsVisible = 0;
			defaultConfigurationName = Release;
		};
/* End XCConfigurationList section */
	};
	rootObject = FA592BBE29E0B6CE007D8ADF /* Project object */;
}
